PODS:
  - Alamofire (4.9.1)
  - GoogleMaps (3.2.0):
    - GoogleMaps/Maps (= 3.2.0)
  - GoogleMaps/Base (3.2.0)
  - GoogleMaps/Maps (3.2.0):
    - GoogleMaps/Base
  - GooglePlaces (3.2.0):
    - GoogleMaps/Base (= 3.2.0)
  - MBProgressHUD (1.1.0)
  - SwiftyJSON (4.3.0)

DEPENDENCIES:
  - Alamofire
  - GoogleMaps
  - GooglePlaces
  - MBProgressHUD (~> 1.1.0)
  - SwiftyJSON (~> 4.0)

SPEC REPOS:
  https://github.com/cocoapods/specs.git:
    - Alamofire
    - GoogleMaps
    - GooglePlaces
    - MBProgressHUD
    - SwiftyJSON

SPEC CHECKSUMS:
  Alamofire: 85e8a02c69d6020a0d734f6054870d7ecb75cf18
  GoogleMaps: 5046d7edfe381c1a0b20fdaf293915a375c3122b
  GooglePlaces: 41bc2e480816b1234a48f4bec92e1c886f37cfe1
  MBProgressHUD: e7baa36a220447d8aeb12769bf0585582f3866d9
  SwiftyJSON: 6faa0040f8b59dead0ee07436cbf76b73c08fd08

PODFILE CHECKSUM: 15ee08082c27e28f9d823a055d143783b0a5d88e

COCOAPODS: 1.7.4
